{
  "bundle_schema_version": "latchway.sdk-documentation-bundle.v1",
  "bundles": [
    {
      "archive": "docs/sdk-bundles/android/docs-bundle-1.0.0.tar.gz",
      "archive_bytes": 33035,
      "archive_sha256": "4e1dbdb0c1a98e771ac2291dc0386bb095a2a6fedd36be166e0c984a851706ba",
      "commit": "659b9c8728a3766bd1ed383e840515c4227305ae",
      "generator_sha256": "a49f8a7cf28c4456d4c86efd01986915c5756347408f195d8f946db957dc3964",
      "id": "android",
      "manifest_sha256": "b63195e1a54a9f905ec72611fbfbd3423815cd84414bc634ef83044810aaa60e",
      "package": "dev.latchway",
      "release": "v1.0.0",
      "repository": "https://github.com/Latchway/latchway-android",
      "source_date_epoch": 1788175799,
      "source_tree_clean": true,
      "version": "1.0.0"
    },
    {
      "archive": "docs/sdk-bundles/ios/docs-bundle-1.0.0.tar.gz",
      "archive_bytes": 46580,
      "archive_sha256": "4342f060efa90b4e08db7bcd46194856b292fef65b42b5b70fa96c03e6d542e1",
      "commit": "a0d0a118f897e594f8808067ce1a01fa571fdde2",
      "generator_sha256": "a49f8a7cf28c4456d4c86efd01986915c5756347408f195d8f946db957dc3964",
      "id": "ios",
      "manifest_sha256": "7aadd62cf54b65246bbb01292ca225d7e0e91f158e4b0d9785d1116e51830733",
      "package": "Latchway",
      "release": "v1.0.0",
      "repository": "https://github.com/Latchway/latchway-ios-sdk",
      "source_date_epoch": 1788175799,
      "source_tree_clean": true,
      "version": "1.0.0"
    },
    {
      "archive": "docs/sdk-bundles/js/docs-bundle-1.0.0.tar.gz",
      "archive_bytes": 30822,
      "archive_sha256": "4c10a5116d0398afe059610d8dd5182e770bda32c4402f17e7fc36e4d14abe6f",
      "commit": "3d1d372a550c38e74c073207e334805e03a09208",
      "generator_sha256": "a49f8a7cf28c4456d4c86efd01986915c5756347408f195d8f946db957dc3964",
      "id": "js",
      "manifest_sha256": "fbb14bd5e9a816802e3f15d910fb1d9eb2609fbaf07c6102db33eacf768d0b7b",
      "package": "@latchway/client",
      "release": "v1.0.0",
      "repository": "https://github.com/Latchway/latchway-js",
      "source_date_epoch": 1788175799,
      "source_tree_clean": true,
      "version": "1.0.0"
    },
    {
      "archive": "docs/sdk-bundles/react-native/docs-bundle-1.0.0.tar.gz",
      "archive_bytes": 25436,
      "archive_sha256": "3c8c334b3bc7d31d0dc728855b301359e30e1d9444ef983646b159b182144c6c",
      "commit": "6de46e1c7264e1d45cdd31174e4ea040a8c24acf",
      "generator_sha256": "a49f8a7cf28c4456d4c86efd01986915c5756347408f195d8f946db957dc3964",
      "id": "react-native",
      "manifest_sha256": "eda7797b8203adce8590def36fe933a99c2a447cd691735350e0deca3ebac53c",
      "package": "@latchway/react-native",
      "release": "v1.0.0",
      "repository": "https://github.com/Latchway/latchway-react-native-sdk",
      "source_date_epoch": 1788175907,
      "source_tree_clean": true,
      "version": "1.0.0"
    }
  ],
  "schema_version": "latchway.sdk-documentation-lock.v1"
}
