{
  "bundle_schema_version": "latchway.sdk-documentation-bundle.v1",
  "bundles": [
    {
      "archive": "docs/sdk-bundles/android/docs-bundle-1.1.0.tar.gz",
      "archive_bytes": 75252,
      "archive_sha256": "13392ca4fe96f0ff75346010e4e26a03fa87b95bced56a2642740737f0a4f288",
      "commit": "22602393d215eee9f08927bd079171acaba98d47",
      "generator_sha256": "a49f8a7cf28c4456d4c86efd01986915c5756347408f195d8f946db957dc3964",
      "id": "android",
      "manifest_sha256": "0aeda2860cd5158878032e6bdf28dc956c56dd1d0313ea28341d45084d1bcec5",
      "package": "dev.latchway",
      "release": "v1.1.0",
      "repository": "https://github.com/Latchway/latchway-android",
      "source_date_epoch": 1788867745,
      "source_tree_clean": true,
      "version": "1.1.0"
    },
    {
      "archive": "docs/sdk-bundles/ios/docs-bundle-1.2.0.tar.gz",
      "archive_bytes": 83945,
      "archive_sha256": "a7a1b4b8512bb2e23b0a6874dc733ac74032d7857b6bff364e054d833bab6274",
      "commit": "37f46733d95e659230f460f44f3ecbd7c7d03a14",
      "generator_sha256": "a49f8a7cf28c4456d4c86efd01986915c5756347408f195d8f946db957dc3964",
      "id": "ios",
      "manifest_sha256": "fe62615c500c8acba51ce95cfdad26dd761123e4b559e941616b424a09c10435",
      "package": "Latchway",
      "release": "v1.2.0",
      "repository": "https://github.com/Latchway/latchway-ios-sdk",
      "source_date_epoch": 1788867740,
      "source_tree_clean": true,
      "version": "1.2.0"
    },
    {
      "archive": "docs/sdk-bundles/js/docs-bundle-1.1.0.tar.gz",
      "archive_bytes": 40696,
      "archive_sha256": "70e4034b9029eae1ff2df070dca99e3aadba232cc3c8f5ef9b2cba6c4af5a7b2",
      "commit": "b6f1eab929a5cb7b7656448f28d0edd2b4970d93",
      "generator_sha256": "a49f8a7cf28c4456d4c86efd01986915c5756347408f195d8f946db957dc3964",
      "id": "js",
      "manifest_sha256": "069a243879d5211c8435a01911343ac50ed23ba13bb18c2f1e7996ffda1f35d7",
      "package": "@latchway/client",
      "release": "v1.1.0",
      "repository": "https://github.com/Latchway/latchway-js",
      "source_date_epoch": 1788867751,
      "source_tree_clean": true,
      "version": "1.1.0"
    },
    {
      "archive": "docs/sdk-bundles/react-native/docs-bundle-1.2.0.tar.gz",
      "archive_bytes": 48784,
      "archive_sha256": "6b65b13d1c38f0a87b68e66636206161b406065ffba78623e1951c42683c2878",
      "commit": "6e00e1ae34bdb69f418bd7ee5460c510649423ac",
      "generator_sha256": "a49f8a7cf28c4456d4c86efd01986915c5756347408f195d8f946db957dc3964",
      "id": "react-native",
      "manifest_sha256": "07a6758e4af112bcd6ef3b00ff09da8b5a9df53143d4ee5d5a5228c8cace6fbe",
      "package": "@latchway/react-native",
      "release": "v1.2.0",
      "repository": "https://github.com/Latchway/latchway-react-native-sdk",
      "source_date_epoch": 1788868368,
      "source_tree_clean": true,
      "version": "1.2.0"
    }
  ],
  "schema_version": "latchway.sdk-documentation-lock.v1"
}
