{
  "bundle_schema_version": "latchway.sdk-documentation-bundle.v1",
  "bundles": [
    {
      "archive": "docs/sdk-bundles/android/docs-bundle-1.0.0.tar.gz",
      "archive_bytes": 53913,
      "archive_sha256": "1a13c6834b960dbfc7fb91c390167624eadbf5f6e8d12325bd82423cc4f4a7f7",
      "commit": "694cb4d2bff9e91582896e3cbbe140e960d9e4e4",
      "generator_sha256": "a49f8a7cf28c4456d4c86efd01986915c5756347408f195d8f946db957dc3964",
      "id": "android",
      "manifest_sha256": "2e6ee8e52bb8ed261e50b63b055e794f060666982482b35c4b3c876a3aa80f6b",
      "package": "dev.latchway",
      "release": "v1.0.0",
      "repository": "https://github.com/Latchway/latchway-android",
      "source_date_epoch": 1788377594,
      "source_tree_clean": true,
      "version": "1.0.0"
    },
    {
      "archive": "docs/sdk-bundles/ios/docs-bundle-1.0.0.tar.gz",
      "archive_bytes": 61175,
      "archive_sha256": "c0cdad255cde507faaad173f9a2dba05a29e6be53130f07a25c2e4e831498f00",
      "commit": "92a394acbc00d1af6d258372f22b11ddae8e1750",
      "generator_sha256": "a49f8a7cf28c4456d4c86efd01986915c5756347408f195d8f946db957dc3964",
      "id": "ios",
      "manifest_sha256": "f280715e852cde6bbd93c5b52828d100fb32a34aaf3da36ed7bd5c8daa0eedc3",
      "package": "Latchway",
      "release": "v1.0.0",
      "repository": "https://github.com/Latchway/latchway-ios-sdk",
      "source_date_epoch": 1788377031,
      "source_tree_clean": true,
      "version": "1.0.0"
    },
    {
      "archive": "docs/sdk-bundles/js/docs-bundle-1.0.0.tar.gz",
      "archive_bytes": 33169,
      "archive_sha256": "f4e814289055bad88d508dde862ebdbd105b03483db807c2f128b0681da07711",
      "commit": "efa0a1074fd5639a02c4b852eac9ecaf4baf00f7",
      "generator_sha256": "a49f8a7cf28c4456d4c86efd01986915c5756347408f195d8f946db957dc3964",
      "id": "js",
      "manifest_sha256": "33e7a18dc14048cb40258225fbacb57f271b6a2b5bbe066bb131fa51a7948252",
      "package": "@latchway/client",
      "release": "v1.0.0",
      "repository": "https://github.com/Latchway/latchway-js",
      "source_date_epoch": 1788376996,
      "source_tree_clean": true,
      "version": "1.0.0"
    },
    {
      "archive": "docs/sdk-bundles/react-native/docs-bundle-1.0.0.tar.gz",
      "archive_bytes": 36071,
      "archive_sha256": "db7c9a569a86ec2f88750de80a1bc2f44dceb0c6db2d9f1613a309dcbbed37a2",
      "commit": "ba23c750ec662834b4d480940c4067508723defb",
      "generator_sha256": "a49f8a7cf28c4456d4c86efd01986915c5756347408f195d8f946db957dc3964",
      "id": "react-native",
      "manifest_sha256": "ffbdcaf0d3d8d629e9aee814e1351548e288054e66c4a0887f35e245702a733c",
      "package": "@latchway/react-native",
      "release": "v1.0.0",
      "repository": "https://github.com/Latchway/latchway-react-native-sdk",
      "source_date_epoch": 1788377683,
      "source_tree_clean": true,
      "version": "1.0.0"
    }
  ],
  "schema_version": "latchway.sdk-documentation-lock.v1"
}
